<?xml version="1.0" encoding="utf-8"?>
<Project ToolsVersion="4.0" xmlns="http://schemas.microsoft.com/developer/msbuild/2003">
  <ItemGroup>
    <Filter Include="Source Files">
      <UniqueIdentifier>{4FC737F1-C7A5-4376-A066-2A32D752A2FF}</UniqueIdentifier>
      <Extensions>cpp;c;cc;cxx;def;odl;idl;hpj;bat;asm;asmx</Extensions>
    </Filter>
    <Filter Include="Header Files">
      <UniqueIdentifier>{93995380-89BD-4b04-88EB-625FBE52EBFB}</UniqueIdentifier>
      <Extensions>h;hh;hpp;hxx;hm;inl;inc;xsd</Extensions>
    </Filter>
    <Filter Include="Resource Files">
      <UniqueIdentifier>{67DA6AB6-F800-4c08-8B7A-83BB121AAD01}</UniqueIdentifier>
      <Extensions>rc;ico;cur;bmp;dlg;rc2;rct;bin;rgs;gif;jpg;jpeg;jpe;resx;tiff;tif;png;wav;mfcribbon-ms</Extensions>
    </Filter>
    <Filter Include="Source Files\GUI">
      <UniqueIdentifier>{16615b4b-f6f6-4711-b84e-0c274ffe74bf}</UniqueIdentifier>
    </Filter>
    <Filter Include="Header Files\GUI">
      <UniqueIdentifier>{905b9726-45c0-4a7d-96c8-4a9ef9fe1873}</UniqueIdentifier>
    </Filter>
    <Filter Include="Source Files\_Automated">
      <UniqueIdentifier>{4bbb3fb2-9002-40fd-8895-7484f292962a}</UniqueIdentifier>
    </Filter>
    <Filter Include="Header Files\_Automated">
      <UniqueIdentifier>{0346e935-23a9-493f-b58e-e8cbeee949d6}</UniqueIdentifier>
    </Filter>
    <Filter Include="Source Files\Core">
      <UniqueIdentifier>{38264c64-6e1e-4f5a-9906-a6c27769b269}</UniqueIdentifier>
    </Filter>
    <Filter Include="Header Files\Core">
      <UniqueIdentifier>{ca9be640-a193-4ba5-a1ea-2bbea3b077f4}</UniqueIdentifier>
    </Filter>
    <Filter Include="ThirdParty">
      <UniqueIdentifier>{0d330ddd-8c38-4d7c-9944-c00240a228fb}</UniqueIdentifier>
    </Filter>
    <Filter Include="ThirdParty\sqlite">
      <UniqueIdentifier>{92bd129a-a825-4860-8967-4c4af26d195b}</UniqueIdentifier>
    </Filter>
    <Filter Include="Resource Files\HTML">
      <UniqueIdentifier>{baf09673-486b-4234-9ffe-987d6b99e130}</UniqueIdentifier>
    </Filter>
    <Filter Include="Resource Files\UI">
      <UniqueIdentifier>{7ec6a6e9-679b-49f4-bf60-6d1a8f2b2209}</UniqueIdentifier>
    </Filter>
  </ItemGroup>
  <ItemGroup>
    <ResourceCompile Include="MediaConch_GUI.rc">
      <Filter>Resource Files</Filter>
    </ResourceCompile>
  </ItemGroup>
  <ItemGroup>
    <ClCompile Include="..\..\..\Source\GUI\Qt\mainwindow.cpp">
      <Filter>Source Files\GUI</Filter>
    </ClCompile>
    <ClCompile Include="..\..\..\Source\GUI\Qt\main.cpp">
      <Filter>Source Files\GUI</Filter>
    </ClCompile>
    <ClCompile Include="_Automated\moc_mainwindow.cpp">
      <Filter>Source Files\_Automated</Filter>
    </ClCompile>
    <ClCompile Include="_Automated\qrc_Resources.cpp">
      <Filter>Source Files\_Automated</Filter>
    </ClCompile>
    <ClCompile Include="..\..\..\Source\Common\Core.cpp">
      <Filter>Source Files\Core</Filter>
    </ClCompile>
    <ClCompile Include="..\..\..\Source\Common\Policies.cpp">
      <Filter>Source Files\Core</Filter>
    </ClCompile>
    <ClCompile Include="..\..\..\Source\Common\JS_Tree.cpp">
      <Filter>Source Files\Core</Filter>
    </ClCompile>
    <ClCompile Include="..\..\..\Source\Common\Schema.cpp">
      <Filter>Source Files\Core</Filter>
    </ClCompile>
    <ClCompile Include="..\..\..\Source\Common\Xslt.cpp">
      <Filter>Source Files\Core</Filter>
    </ClCompile>
    <ClCompile Include="..\..\..\Source\Common\Policy.cpp">
      <Filter>Source Files\Core</Filter>
    </ClCompile>
    <ClCompile Include="..\..\..\Source\Common\XsltPolicy.cpp">
      <Filter>Source Files\Core</Filter>
    </ClCompile>
    <ClCompile Include="..\..\..\Source\GUI\Qt\policieswindow.cpp">
      <Filter>Source Files\GUI</Filter>
    </ClCompile>
    <ClCompile Include="..\..\..\Source\GUI\Qt\checkerwindow.cpp">
      <Filter>Source Files\GUI</Filter>
    </ClCompile>
    <ClCompile Include="..\..\..\Source\GUI\Qt\menumainwindow.cpp">
      <Filter>Source Files\GUI</Filter>
    </ClCompile>
    <ClCompile Include="..\..\..\Source\GUI\Qt\settingswindow.cpp">
      <Filter>Source Files\GUI</Filter>
    </ClCompile>
    <ClCompile Include="_Automated\moc_checkerwindow.cpp">
      <Filter>Source Files\_Automated</Filter>
    </ClCompile>
    <ClCompile Include="_Automated\moc_menumainwindow.cpp">
      <Filter>Source Files\_Automated</Filter>
    </ClCompile>
    <ClCompile Include="_Automated\moc_settingswindow.cpp">
      <Filter>Source Files\_Automated</Filter>
    </ClCompile>
    <ClCompile Include="_Automated\moc_policieswindow.cpp">
      <Filter>Source Files\_Automated</Filter>
    </ClCompile>
    <ClCompile Include="..\..\..\Source\GUI\Qt\helpwindow.cpp">
      <Filter>Source Files\GUI</Filter>
    </ClCompile>
    <ClCompile Include="_Automated\moc_helpwindow.cpp">
      <Filter>Source Files\_Automated</Filter>
    </ClCompile>
    <ClCompile Include="_Automated\moc_displaywindow.cpp">
      <Filter>Source Files\_Automated</Filter>
    </ClCompile>
    <ClCompile Include="..\..\..\Source\GUI\Qt\progressbar.cpp">
      <Filter>Source Files\GUI</Filter>
    </ClCompile>
    <ClCompile Include="_Automated\moc_progressbar.cpp">
      <Filter>Source Files\_Automated</Filter>
    </ClCompile>
    <ClCompile Include="..\..\..\Source\Common\Configuration.cpp">
      <Filter>Source Files\Core</Filter>
    </ClCompile>
    <ClCompile Include="..\..\..\Source\Common\MediaConchLib.cpp">
      <Filter>Source Files\Core</Filter>
    </ClCompile>
    <ClCompile Include="..\..\..\Source\Common\DaemonClient.cpp">
      <Filter>Source Files\Core</Filter>
    </ClCompile>
    <ClCompile Include="..\..\..\Source\Common\Database.cpp">
      <Filter>Source Files\Core</Filter>
    </ClCompile>
    <ClCompile Include="..\..\..\Source\Common\Http.cpp">
      <Filter>Source Files\Core</Filter>
    </ClCompile>
    <ClCompile Include="..\..\..\Source\Common\Httpd.cpp">
      <Filter>Source Files\Core</Filter>
    </ClCompile>
    <ClCompile Include="..\..\..\Source\Common\Json.cpp">
      <Filter>Source Files\Core</Filter>
    </ClCompile>
    <ClCompile Include="..\..\..\Source\Common\LibEventHttp.cpp">
      <Filter>Source Files\Core</Filter>
    </ClCompile>
    <ClCompile Include="..\..\..\Source\Common\LibEventHttpd.cpp">
      <Filter>Source Files\Core</Filter>
    </ClCompile>
    <ClCompile Include="..\..\..\Source\Common\Queue.cpp">
      <Filter>Source Files\Core</Filter>
    </ClCompile>
    <ClCompile Include="..\..\..\Source\Common\REST_API.cpp">
      <Filter>Source Files\Core</Filter>
    </ClCompile>
    <ClCompile Include="..\..\..\Source\Common\Scheduler.cpp">
      <Filter>Source Files\Core</Filter>
    </ClCompile>
    <ClCompile Include="..\..\..\Source\Common\SQLLite.cpp">
      <Filter>Source Files\Core</Filter>
    </ClCompile>
    <ClCompile Include="..\..\..\Source\ThirdParty\sqlite\sqlite3.c">
      <Filter>ThirdParty\sqlite</Filter>
    </ClCompile>
    <ClCompile Include="_Automated\moc_WebEnginePage.cpp">
      <Filter>Source Files\_Automated</Filter>
    </ClCompile>
    <ClCompile Include="_Automated\moc_WebEngineView.cpp">
      <Filter>Source Files\_Automated</Filter>
    </ClCompile>
    <ClCompile Include="..\..\..\Source\GUI\Qt\WebEnginePage.cpp">
      <Filter>Source Files\GUI</Filter>
    </ClCompile>
    <ClCompile Include="..\..\..\Source\GUI\Qt\WebEngineView.cpp">
      <Filter>Source Files\GUI</Filter>
    </ClCompile>
    <ClCompile Include="..\..\..\Source\GUI\Qt\WebKitPage.cpp">
      <Filter>Source Files\GUI</Filter>
    </ClCompile>
    <ClCompile Include="..\..\..\Source\GUI\Qt\WebKitView.cpp">
      <Filter>Source Files\GUI</Filter>
    </ClCompile>
    <ClCompile Include="_Automated\moc_WebKitPage.cpp">
      <Filter>Source Files\_Automated</Filter>
    </ClCompile>
    <ClCompile Include="_Automated\moc_WebKitView.cpp">
      <Filter>Source Files\_Automated</Filter>
    </ClCompile>
    <ClCompile Include="..\..\..\Source\Common\UnknownPolicy.cpp">
      <Filter>Source Files\Core</Filter>
    </ClCompile>
    <ClCompile Include="..\..\..\Source\GUI\Qt\workerfiles.cpp">
      <Filter>Source Files\GUI</Filter>
    </ClCompile>
    <ClCompile Include="_Automated\moc_workerfiles.cpp">
      <Filter>Source Files\_Automated</Filter>
    </ClCompile>
    <ClCompile Include="..\..\..\Source\Common\DpfManager.cpp">
      <Filter>Source Files\Core</Filter>
    </ClCompile>
    <ClCompile Include="..\..\..\Source\Common\Plugin.cpp">
      <Filter>Source Files\Core</Filter>
    </ClCompile>
    <ClCompile Include="..\..\..\Source\Common\PluginsConfig.cpp">
      <Filter>Source Files\Core</Filter>
    </ClCompile>
    <ClCompile Include="..\..\..\Source\Common\PluginsManager.cpp">
      <Filter>Source Files\Core</Filter>
    </ClCompile>
    <ClCompile Include="..\..\..\Source\Common\VeraPDF.cpp">
      <Filter>Source Files\Core</Filter>
    </ClCompile>
    <ClCompile Include="..\..\..\Source\GUI\Qt\resulttable.cpp">
      <Filter>Source Files\GUI</Filter>
    </ClCompile>
    <ClCompile Include="..\..\..\Source\Common\DatabaseReport.cpp">
      <Filter>Source Files\Core</Filter>
    </ClCompile>
    <ClCompile Include="..\..\..\Source\Common\NoDatabaseReport.cpp">
      <Filter>Source Files\Core</Filter>
    </ClCompile>
    <ClCompile Include="..\..\..\Source\Common\SQLLiteReport.cpp">
      <Filter>Source Files\Core</Filter>
    </ClCompile>
    <ClCompile Include="..\..\..\Source\GUI\Qt\DatabaseUi.cpp">
      <Filter>Source Files\GUI</Filter>
    </ClCompile>
    <ClCompile Include="..\..\..\Source\GUI\Qt\NoDatabaseUi.cpp">
      <Filter>Source Files\GUI</Filter>
    </ClCompile>
    <ClCompile Include="..\..\..\Source\GUI\Qt\SQLLiteUi.cpp">
      <Filter>Source Files\GUI</Filter>
    </ClCompile>
    <ClCompile Include="..\..\..\Source\GUI\Qt\uisettings.cpp">
      <Filter>Source Files\GUI</Filter>
    </ClCompile>
    <ClCompile Include="..\..\..\Source\GUI\Qt\displaywindow.cpp">
      <Filter>Source Files\GUI</Filter>
    </ClCompile>
    <ClCompile Include="..\..\..\Source\GUI\Qt\WebCommonPage.cpp">
      <Filter>Source Files\GUI</Filter>
    </ClCompile>
    <ClCompile Include="_Automated\moc_WebCommonPage.cpp">
      <Filter>Source Files\_Automated</Filter>
    </ClCompile>
    <ClCompile Include="..\..\..\Source\Common\FFmpeg.cpp">
      <Filter>Source Files\Core</Filter>
    </ClCompile>
    <ClCompile Include="..\..\..\Source\Common\PluginFileLog.cpp">
      <Filter>Source Files\Core</Filter>
    </ClCompile>
    <ClCompile Include="..\..\..\Source\Common\WatchFolder.cpp">
      <Filter>Source Files\Core</Filter>
    </ClCompile>
    <ClCompile Include="..\..\..\Source\Common\WatchFoldersManager.cpp">
      <Filter>Source Files\Core</Filter>
    </ClCompile>
    <ClCompile Include="..\..\..\Source\GUI\Qt\publicpolicieswindow.cpp">
      <Filter>Source Files\GUI</Filter>
    </ClCompile>
    <ClCompile Include="_Automated\moc_publicpolicieswindow.cpp">
      <Filter>Source Files\_Automated</Filter>
    </ClCompile>
  </ItemGroup>
  <ItemGroup>
    <ClInclude Include="..\..\..\Source\GUI\Qt\mainwindow.h">
      <Filter>Header Files\GUI</Filter>
    </ClInclude>
    <ClInclude Include="_Automated\ui_mainwindow.h">
      <Filter>Header Files\_Automated</Filter>
    </ClInclude>
    <ClInclude Include="..\..\..\Source\Common\Core.h">
      <Filter>Header Files\Core</Filter>
    </ClInclude>
    <ClInclude Include="..\..\..\Source\Common\Policies.h">
      <Filter>Header Files\Core</Filter>
    </ClInclude>
    <ClInclude Include="_Automated\ui_policiesmenu.h">
      <Filter>Header Files\_Automated</Filter>
    </ClInclude>
    <ClInclude Include="_Automated\ui_groupofrules.h">
      <Filter>Header Files\_Automated</Filter>
    </ClInclude>
    <ClInclude Include="_Automated\ui_policiestree.h">
      <Filter>Header Files\_Automated</Filter>
    </ClInclude>
    <ClInclude Include="_Automated\ui_policymenu.h">
      <Filter>Header Files\_Automated</Filter>
    </ClInclude>
    <ClInclude Include="_Automated\ui_ruleedit.h">
      <Filter>Header Files\_Automated</Filter>
    </ClInclude>
    <ClInclude Include="_Automated\ui_rulemenu.h">
      <Filter>Header Files\_Automated</Filter>
    </ClInclude>
    <ClInclude Include="..\..\..\Source\Common\Policy.h">
      <Filter>Header Files\Core</Filter>
    </ClInclude>
    <ClInclude Include="..\..\..\Source\Common\XsltPolicy.h">
      <Filter>Header Files\Core</Filter>
    </ClInclude>
    <ClInclude Include="..\..\..\Source\GUI\Qt\checkerwindow.h">
      <Filter>Header Files\GUI</Filter>
    </ClInclude>
    <ClInclude Include="..\..\..\Source\GUI\Qt\menumainwindow.h">
      <Filter>Header Files\GUI</Filter>
    </ClInclude>
    <ClInclude Include="..\..\..\Source\GUI\Qt\settingswindow.h">
      <Filter>Header Files\GUI</Filter>
    </ClInclude>
    <ClInclude Include="..\..\..\Source\GUI\Qt\policieswindow.h">
      <Filter>Header Files\GUI</Filter>
    </ClInclude>
    <ClInclude Include="_Automated\ui_xsltpolicymenu.h">
      <Filter>Header Files\_Automated</Filter>
    </ClInclude>
    <ClInclude Include="_Automated\ui_xsltruleedit.h">
      <Filter>Header Files\_Automated</Filter>
    </ClInclude>
    <ClInclude Include="..\..\..\Source\GUI\Qt\helpwindow.h">
      <Filter>Header Files\GUI</Filter>
    </ClInclude>
    <ClInclude Include="..\..\..\Source\GUI\Qt\progressbar.h">
      <Filter>Header Files\GUI</Filter>
    </ClInclude>
    <ClInclude Include="_Automated\ui_progressbar.h">
      <Filter>Header Files\_Automated</Filter>
    </ClInclude>
    <ClInclude Include="..\..\..\Source\Common\SQLLite.h">
      <Filter>Header Files\Core</Filter>
    </ClInclude>
    <ClInclude Include="..\..\..\Source\ThirdParty\sqlite\sqlite3.h">
      <Filter>ThirdParty\sqlite</Filter>
    </ClInclude>
    <ClInclude Include="..\..\..\Source\GUI\Qt\WebView.h">
      <Filter>Header Files\GUI</Filter>
    </ClInclude>
    <ClInclude Include="..\..\..\Source\GUI\Qt\WebEnginePage.h">
      <Filter>Header Files\GUI</Filter>
    </ClInclude>
    <ClInclude Include="..\..\..\Source\GUI\Qt\WebEngineView.h">
      <Filter>Header Files\GUI</Filter>
    </ClInclude>
    <ClInclude Include="..\..\..\Source\GUI\Qt\WebPage.h">
      <Filter>Header Files\GUI</Filter>
    </ClInclude>
    <ClInclude Include="..\..\..\Source\GUI\Qt\WebChoose.h">
      <Filter>Header Files\GUI</Filter>
    </ClInclude>
    <ClInclude Include="..\..\..\Source\Common\UnknownPolicy.h">
      <Filter>Header Files\Core</Filter>
    </ClInclude>
    <ClInclude Include="_Automated\ui_unknownpolicymenu.h">
      <Filter>Header Files\_Automated</Filter>
    </ClInclude>
    <ClInclude Include="..\..\..\Source\GUI\Qt\workerfiles.h">
      <Filter>Header Files\GUI</Filter>
    </ClInclude>
    <ClInclude Include="..\..\..\Source\Common\DpfManager.h">
      <Filter>Header Files\Core</Filter>
    </ClInclude>
    <ClInclude Include="..\..\..\Source\Common\Plugin.h">
      <Filter>Header Files\Core</Filter>
    </ClInclude>
    <ClInclude Include="..\..\..\Source\Common\PluginFormat.h">
      <Filter>Header Files\Core</Filter>
    </ClInclude>
    <ClInclude Include="..\..\..\Source\Common\PluginsConfig.h">
      <Filter>Header Files\Core</Filter>
    </ClInclude>
    <ClInclude Include="..\..\..\Source\Common\PluginsManager.h">
      <Filter>Header Files\Core</Filter>
    </ClInclude>
    <ClInclude Include="..\..\..\Source\Common\VeraPDF.h">
      <Filter>Header Files\Core</Filter>
    </ClInclude>
    <ClInclude Include="..\..\..\Source\GUI\Qt\resulttable.h">
      <Filter>Header Files\GUI</Filter>
    </ClInclude>
    <ClInclude Include="..\..\..\Source\Common\Database.h">
      <Filter>Header Files\Core</Filter>
    </ClInclude>
    <ClInclude Include="..\..\..\Source\Common\DatabaseReport.h">
      <Filter>Header Files\Core</Filter>
    </ClInclude>
    <ClInclude Include="..\..\..\Source\Common\SQLLiteReport.h">
      <Filter>Header Files\Core</Filter>
    </ClInclude>
    <ClInclude Include="..\..\..\Source\GUI\Qt\DatabaseUi.h">
      <Filter>Header Files\GUI</Filter>
    </ClInclude>
    <ClInclude Include="..\..\..\Source\GUI\Qt\SQLLiteUi.h">
      <Filter>Header Files\GUI</Filter>
    </ClInclude>
    <ClInclude Include="..\..\..\Source\GUI\Qt\displaywindow.h">
      <Filter>Header Files\GUI</Filter>
    </ClInclude>
    <ClInclude Include="..\..\..\Source\GUI\Qt\WebCommonPage.h">
      <Filter>Header Files\GUI</Filter>
    </ClInclude>
    <ClInclude Include="..\..\..\Source\Common\FFmpeg.h">
      <Filter>Header Files\Core</Filter>
    </ClInclude>
    <ClInclude Include="..\..\..\Source\Common\Configuration.h">
      <Filter>Header Files\Core</Filter>
    </ClInclude>
    <ClInclude Include="..\..\..\Source\Common\Container.h">
      <Filter>Header Files\Core</Filter>
    </ClInclude>
    <ClInclude Include="..\..\..\Source\Common\DaemonClient.h">
      <Filter>Header Files\Core</Filter>
    </ClInclude>
    <ClInclude Include="..\..\..\Source\Common\FileRegistered.h">
      <Filter>Header Files\Core</Filter>
    </ClInclude>
    <ClInclude Include="..\..\..\Source\Common\Http.h">
      <Filter>Header Files\Core</Filter>
    </ClInclude>
    <ClInclude Include="..\..\..\Source\Common\Httpd.h">
      <Filter>Header Files\Core</Filter>
    </ClInclude>
    <ClInclude Include="..\..\..\Source\Common\JS_Tree.h">
      <Filter>Header Files\Core</Filter>
    </ClInclude>
    <ClInclude Include="..\..\..\Source\Common\Json.h">
      <Filter>Header Files\Core</Filter>
    </ClInclude>
    <ClInclude Include="..\..\..\Source\Common\LibEventHttp.h">
      <Filter>Header Files\Core</Filter>
    </ClInclude>
    <ClInclude Include="..\..\..\Source\Common\LibEventHttpd.h">
      <Filter>Header Files\Core</Filter>
    </ClInclude>
    <ClInclude Include="..\..\..\Source\Common\MediaConchLib.h">
      <Filter>Header Files\Core</Filter>
    </ClInclude>
    <ClInclude Include="..\..\..\Source\Common\NoContainer.h">
      <Filter>Header Files\Core</Filter>
    </ClInclude>
    <ClInclude Include="..\..\..\Source\Common\NoDatabaseReport.h">
      <Filter>Header Files\Core</Filter>
    </ClInclude>
    <ClInclude Include="..\..\..\Source\Common\PluginFileLog.h">
      <Filter>Header Files\Core</Filter>
    </ClInclude>
    <ClInclude Include="..\..\..\Source\Common\PluginLog.h">
      <Filter>Header Files\Core</Filter>
    </ClInclude>
    <ClInclude Include="..\..\..\Source\Common\PluginPreHook.h">
      <Filter>Header Files\Core</Filter>
    </ClInclude>
    <ClInclude Include="..\..\..\Source\Common\Queue.h">
      <Filter>Header Files\Core</Filter>
    </ClInclude>
    <ClInclude Include="..\..\..\Source\Common\REST_API.h">
      <Filter>Header Files\Core</Filter>
    </ClInclude>
    <ClInclude Include="..\..\..\Source\Common\Scheduler.h">
      <Filter>Header Files\Core</Filter>
    </ClInclude>
    <ClInclude Include="..\..\..\Source\Common\Schema.h">
      <Filter>Header Files\Core</Filter>
    </ClInclude>
    <ClInclude Include="..\..\..\Source\Common\WatchFolder.h">
      <Filter>Header Files\Core</Filter>
    </ClInclude>
    <ClInclude Include="..\..\..\Source\Common\WatchFoldersManager.h">
      <Filter>Header Files\Core</Filter>
    </ClInclude>
    <ClInclude Include="..\..\..\Source\Common\Xslt.h">
      <Filter>Header Files\Core</Filter>
    </ClInclude>
    <ClInclude Include="..\..\..\Source\Common\generated\GeneratedCSVVideos.h">
      <Filter>Header Files\Core</Filter>
    </ClInclude>
    <ClInclude Include="..\..\..\Source\Common\generated\ImplementationReportDisplayHtmlXsl.h">
      <Filter>Header Files\Core</Filter>
    </ClInclude>
    <ClInclude Include="..\..\..\Source\Common\generated\ImplementationReportDisplayTextUnicodeXsl.h">
      <Filter>Header Files\Core</Filter>
    </ClInclude>
    <ClInclude Include="..\..\..\Source\Common\generated\ImplementationReportDisplayTextXsl.h">
      <Filter>Header Files\Core</Filter>
    </ClInclude>
    <ClInclude Include="..\..\..\Source\Common\generated\ImplementationReportDPFManagerXsl.h">
      <Filter>Header Files\Core</Filter>
    </ClInclude>
    <ClInclude Include="..\..\..\Source\Common\generated\ImplementationReportMatroskaSchema.h">
      <Filter>Header Files\Core</Filter>
    </ClInclude>
    <ClInclude Include="..\..\..\Source\Common\generated\ImplementationReportVeraPDFXsl.h">
      <Filter>Header Files\Core</Filter>
    </ClInclude>
    <ClInclude Include="..\..\..\Source\Common\generated\ImplementationReportXsl.h">
      <Filter>Header Files\Core</Filter>
    </ClInclude>
    <ClInclude Include="..\..\..\Source\Common\generated\MediaTraceDisplayHtmlXsl.h">
      <Filter>Header Files\Core</Filter>
    </ClInclude>
    <ClInclude Include="..\..\..\Source\Common\generated\MediaTraceDisplayTextXsl.h">
      <Filter>Header Files\Core</Filter>
    </ClInclude>
    <ClInclude Include="..\..\..\Source\Common\generated\MicroMediaTraceToMediaTraceXsl.h">
      <Filter>Header Files\Core</Filter>
    </ClInclude>
    <ClInclude Include="..\..\..\Source\Common\generated\PolicySample1.h">
      <Filter>Header Files\Core</Filter>
    </ClInclude>
    <ClInclude Include="..\..\..\Source\Common\generated\PolicySample4.h">
      <Filter>Header Files\Core</Filter>
    </ClInclude>
    <ClInclude Include="..\..\..\Source\Common\generated\PolicySample5.h">
      <Filter>Header Files\Core</Filter>
    </ClInclude>
    <ClInclude Include="..\..\..\Source\Common\generated\PolicySample6.h">
      <Filter>Header Files\Core</Filter>
    </ClInclude>
    <ClInclude Include="..\..\..\Source\Common\generated\PolicySample7.h">
      <Filter>Header Files\Core</Filter>
    </ClInclude>
    <ClInclude Include="..\..\..\Source\Common\generated\PolicyTransformXml.h">
      <Filter>Header Files\Core</Filter>
    </ClInclude>
    <ClInclude Include="..\..\..\Source\GUI\Qt\publicpolicieswindow.h">
      <Filter>Header Files\GUI</Filter>
    </ClInclude>
  </ItemGroup>
  <ItemGroup>
    <Xml Include="..\..\..\Source\Resource\Resources.qrc">
      <Filter>Resource Files</Filter>
    </Xml>
    <Xml Include="..\..\..\Source\Resource\html\Help\FAQ\FAQ.html">
      <Filter>Resource Files\HTML</Filter>
    </Xml>
    <Xml Include="..\..\..\Source\Resource\html\Help\Data Format\Data Format.html">
      <Filter>Resource Files\HTML</Filter>
    </Xml>
    <Xml Include="..\..\..\Source\GUI\Qt\mainwindow.ui">
      <Filter>Resource Files\UI</Filter>
    </Xml>
    <Xml Include="..\..\..\Source\GUI\Qt\progressbar.ui">
      <Filter>Resource Files\UI</Filter>
    </Xml>
    <Xml Include="..\..\..\Source\Resource\html\Help\How To Use\How To Use.html">
      <Filter>Resource Files\HTML</Filter>
    </Xml>
    <Xml Include="..\..\..\License.html">
      <Filter>Resource Files\HTML</Filter>
    </Xml>
  </ItemGroup>
</Project>